
Microsoft Visual Studio Solution File, Format Version 12.00
# Visual Studio 15
VisualStudioVersion = 15.0.28307.106
MinimumVisualStudioVersion = 10.0.40219.1
Project("{FAE04EC0-301F-11D3-BF4B-00C04F79EFBC}") = "Domain", "Domain\Domain.csproj", "{0A5D9CF5-0198-435E-955B-718E44191EF6}"
EndProject
Project("{FAE04EC0-301F-11D3-BF4B-00C04F79EFBC}") = "App", "App\App.csproj", "{B46B9842-C2F4-4C8B-AC83-B3213CB00290}"
EndProject
Project("{FAE04EC0-301F-11D3-BF4B-00C04F79EFBC}") = "DAL", "DAL\DAL.csproj", "{79B4DCF4-0EF0-4C1C-B941-20451885D530}"
EndProject
Project("{FAE04EC0-301F-11D3-BF4B-00C04F79EFBC}") = "test", "test\test.csproj", "{FE10CB03-72ED-44BF-A281-D23716C312B6}"
EndProject
Global
	GlobalSection(SolutionConfigurationPlatforms) = preSolution
		Debug|Any CPU = Debug|Any CPU
		Release|Any CPU = Release|Any CPU
	EndGlobalSection
	GlobalSection(ProjectConfigurationPlatforms) = postSolution
		{0A5D9CF5-0198-435E-955B-718E44191EF6}.Debug|Any CPU.ActiveCfg = Debug|Any CPU
		{0A5D9CF5-0198-435E-955B-718E44191EF6}.Debug|Any CPU.Build.0 = Debug|Any CPU
		{0A5D9CF5-0198-435E-955B-718E44191EF6}.Release|Any CPU.ActiveCfg = Release|Any CPU
		{0A5D9CF5-0198-435E-955B-718E44191EF6}.Release|Any CPU.Build.0 = Release|Any CPU
		{B46B9842-C2F4-4C8B-AC83-B3213CB00290}.Debug|Any CPU.ActiveCfg = Debug|Any CPU
		{B46B9842-C2F4-4C8B-AC83-B3213CB00290}.Debug|Any CPU.Build.0 = Debug|Any CPU
		{B46B9842-C2F4-4C8B-AC83-B3213CB00290}.Release|Any CPU.ActiveCfg = Release|Any CPU
		{B46B9842-C2F4-4C8B-AC83-B3213CB00290}.Release|Any CPU.Build.0 = Release|Any CPU
		{79B4DCF4-0EF0-4C1C-B941-20451885D530}.Debug|Any CPU.ActiveCfg = Debug|Any CPU
		{79B4DCF4-0EF0-4C1C-B941-20451885D530}.Debug|Any CPU.Build.0 = Debug|Any CPU
		{79B4DCF4-0EF0-4C1C-B941-20451885D530}.Release|Any CPU.ActiveCfg = Release|Any CPU
		{79B4DCF4-0EF0-4C1C-B941-20451885D530}.Release|Any CPU.Build.0 = Release|Any CPU
		{FE10CB03-72ED-44BF-A281-D23716C312B6}.Debug|Any CPU.ActiveCfg = Debug|Any CPU
		{FE10CB03-72ED-44BF-A281-D23716C312B6}.Debug|Any CPU.Build.0 = Debug|Any CPU
		{FE10CB03-72ED-44BF-A281-D23716C312B6}.Release|Any CPU.ActiveCfg = Release|Any CPU
		{FE10CB03-72ED-44BF-A281-D23716C312B6}.Release|Any CPU.Build.0 = Release|Any CPU
	EndGlobalSection
	GlobalSection(SolutionProperties) = preSolution
		HideSolutionNode = FALSE
	EndGlobalSection
	GlobalSection(ExtensibilityGlobals) = postSolution
		SolutionGuid = {1692531A-F1B3-4A6D-A9EC-CBCDF087C83C}
	EndGlobalSection
EndGlobal
